
Microsoft Visual Studio Solution File, Format Version 12.00
# Visual Studio Version 16
VisualStudioVersion = 16.0.30717.126
MinimumVisualStudioVersion = 10.0.40219.1
Project("{FAE04EC0-301F-11D3-BF4B-00C04F79EFBC}") = "Dierentuin_I", "Dierentuin_I\Dierentuin_I.csproj", "{3D1B8ED3-2DFD-4A02-ABFC-6C4306F5B1AD}"
EndProject
Global
	GlobalSection(SolutionConfigurationPlatforms) = preSolution
		Debug|Any CPU = Debug|Any CPU
		Release|Any CPU = Release|Any CPU
	EndGlobalSection
	GlobalSection(ProjectConfigurationPlatforms) = postSolution
		{3D1B8ED3-2DFD-4A02-ABFC-6C4306F5B1AD}.Debug|Any CPU.ActiveCfg = Debug|Any CPU
		{3D1B8ED3-2DFD-4A02-ABFC-6C4306F5B1AD}.Debug|Any CPU.Build.0 = Debug|Any CPU
		{3D1B8ED3-2DFD-4A02-ABFC-6C4306F5B1AD}.Release|Any CPU.ActiveCfg = Release|Any CPU
		{3D1B8ED3-2DFD-4A02-ABFC-6C4306F5B1AD}.Release|Any CPU.Build.0 = Release|Any CPU
	EndGlobalSection
	GlobalSection(SolutionProperties) = preSolution
		HideSolutionNode = FALSE
	EndGlobalSection
	GlobalSection(ExtensibilityGlobals) = postSolution
		SolutionGuid = {72D1278A-58C4-4231-B664-EE1E61B349B9}
	EndGlobalSection
EndGlobal
